// !$*UTF8*$!
{
	archiveVersion = 1;
	classes = {
	};
	objectVersion = 55;
	objects = {

/* Begin PBXBuildFile section */
		11ECD5C92726FB8800D37A93 /* ArticlesApp.swift in Sources */ = {isa = PBXBuildFile; fileRef = 11ECD5C82726FB8800D37A93 /* ArticlesApp.swift */; };
		11ECD5CB2726FB8800D37A93 /* ContentView.swift in Sources */ = {isa = PBXBuildFile; fileRef = 11ECD5CA2726FB8800D37A93 /* ContentView.swift */; };
		11ECD5CD2726FB8B00D37A93 /* Assets.xcassets in Resources */ = {isa = PBXBuildFile; fileRef = 11ECD5CC2726FB8B00D37A93 /* Assets.xcassets */; };
		11ECD5D02726FB8B00D37A93 /* Preview Assets.xcassets in Resources */ = {isa = PBXBuildFile; fileRef = 11ECD5CF2726FB8B00D37A93 /* Preview Assets.xcassets */; };
		11ECD5DA2726FB8B00D37A93 /* ArticlesTests.swift in Sources */ = {isa = PBXBuildFile; fileRef = 11ECD5D92726FB8B00D37A93 /* ArticlesTests.swift */; };
		11ECD5E42726FB8B00D37A93 /* ArticlesUITests.swift in Sources */ = {isa = PBXBuildFile; fileRef = 11ECD5E32726FB8B00D37A93 /* ArticlesUITests.swift */; };
		11ECD5E62726FB8B00D37A93 /* ArticlesUITestsLaunchTests.swift in Sources */ = {isa = PBXBuildFile; fileRef = 11ECD5E52726FB8B00D37A93 /* ArticlesUITestsLaunchTests.swift */; };
/* End PBXBuildFile section */

/* Begin PBXContainerItemProxy section */
		11ECD5D62726FB8B00D37A93 /* PBXContainerItemProxy */ = {
			isa = PBXContainerItemProxy;
			containerPortal = 11ECD5BD2726FB8800D37A93 /* Project object */;
			proxyType = 1;
			remoteGlobalIDString = 11ECD5C42726FB8800D37A93;
			remoteInfo = Articles;
		};
		11ECD5E02726FB8B00D37A93 /* PBXContainerItemProxy */ = {
			isa = PBXContainerItemProxy;
			containerPortal = 11ECD5BD2726FB8800D37A93 /* Project object */;
			proxyType = 1;
			remoteGlobalIDString = 11ECD5C42726FB8800D37A93;
			remoteInfo = Articles;
		};
/* End PBXContainerItemProxy section */

/* Begin PBXFileReference section */
		11ECD5C52726FB8800D37A93 /* Articles.app */ = {isa = PBXFileReference; explicitFileType = wrapper.application; includeInIndex = 0; path = Articles.app; sourceTree = BUILT_PRODUCTS_DIR; };
		11ECD5C82726FB8800D37A93 /* ArticlesApp.swift */ = {isa = PBXFileReference; lastKnownFileType = sourcecode.swift; path = ArticlesApp.swift; sourceTree = "<group>"; };
		11ECD5CA2726FB8800D37A93 /* ContentView.swift */ = {isa = PBXFileReference; lastKnownFileType = sourcecode.swift; path = ContentView.swift; sourceTree = "<group>"; };
		11ECD5CC2726FB8B00D37A93 /* Assets.xcassets */ = {isa = PBXFileReference; lastKnownFileType = folder.assetcatalog; path = Assets.xcassets; sourceTree = "<group>"; };
		11ECD5CF2726FB8B00D37A93 /* Preview Assets.xcassets */ = {isa = PBXFileReference; lastKnownFileType = folder.assetcatalog; path = "Preview Assets.xcassets"; sourceTree = "<group>"; };
		11ECD5D52726FB8B00D37A93 /* ArticlesTests.xctest */ = {isa = PBXFileReference; explicitFileType = wrapper.cfbundle; includeInIndex = 0; path = ArticlesTests.xctest; sourceTree = BUILT_PRODUCTS_DIR; };
		11ECD5D92726FB8B00D37A93 /* ArticlesTests.swift */ = {isa = PBXFileReference; lastKnownFileType = sourcecode.swift; path = ArticlesTests.swift; sourceTree = "<group>"; };
		11ECD5DF2726FB8B00D37A93 /* ArticlesUITests.xctest */ = {isa = PBXFileReference; explicitFileType = wrapper.cfbundle; includeInIndex = 0; path = ArticlesUITests.xctest; sourceTree = BUILT_PRODUCTS_DIR; };
		11ECD5E32726FB8B00D37A93 /* ArticlesUITests.swift */ = {isa = PBXFileReference; lastKnownFileType = sourcecode.swift; path = ArticlesUITests.swift; sourceTree = "<group>"; };
		11ECD5E52726FB8B00D37A93 /* ArticlesUITestsLaunchTests.swift */ = {isa = PBXFileReference; lastKnownFileType = sourcecode.swift; path = ArticlesUITestsLaunchTests.swift; sourceTree = "<group>"; };
/* End PBXFileReference section */

/* Begin PBXFrameworksBuildPhase section */
		11ECD5C22726FB8800D37A93 /* Frameworks */ = {
			isa = PBXFrameworksBuildPhase;
			buildActionMask = 2147483647;
			files = (
			);
			runOnlyForDeploymentPostprocessing = 0;
		};
		11ECD5D22726FB8B00D37A93 /* Frameworks */ = {
			isa = PBXFrameworksBuildPhase;
			buildActionMask = 2147483647;
			files = (
			);
			runOnlyForDeploymentPostprocessing = 0;
		};
		11ECD5DC2726FB8B00D37A93 /* Frameworks */ = {
			isa = PBXFrameworksBuildPhase;
			buildActionMask = 2147483647;
			files = (
			);
			runOnlyForDeploymentPostprocessing = 0;
		};
/* End PBXFrameworksBuildPhase section */

/* Begin PBXGroup section */
		11ECD5BC2726FB8800D37A93 = {
			isa = PBXGroup;
			children = (
				11ECD5C72726FB8800D37A93 /* Articles */,
				11ECD5D82726FB8B00D37A93 /* ArticlesTests */,
				11ECD5E22726FB8B00D37A93 /* ArticlesUITests */,
				11ECD5C62726FB8800D37A93 /* Products */,
			);
			sourceTree = "<group>";
		};
		11ECD5C62726FB8800D37A93 /* Products */ = {
			isa = PBXGroup;
			children = (
				11ECD5C52726FB8800D37A93 /* Articles.app */,
				11ECD5D52726FB8B00D37A93 /* ArticlesTests.xctest */,
				11ECD5DF2726FB8B00D37A93 /* ArticlesUITests.xctest */,
			);
			name = Products;
			sourceTree = "<group>";
		};
		11ECD5C72726FB8800D37A93 /* Articles */ = {
			isa = PBXGroup;
			children = (
				11ECD5C82726FB8800D37A93 /* ArticlesApp.swift */,
				11ECD5CA2726FB8800D37A93 /* ContentView.swift */,
				11ECD5CC2726FB8B00D37A93 /* Assets.xcassets */,
				11ECD5CE2726FB8B00D37A93 /* Preview Content */,
			);
			path = Articles;
			sourceTree = "<group>";
		};
		11ECD5CE2726FB8B00D37A93 /* Preview Content */ = {
			isa = PBXGroup;
			children = (
				11ECD5CF2726FB8B00D37A93 /* Preview Assets.xcassets */,
			);
			path = "Preview Content";
			sourceTree = "<group>";
		};
		11ECD5D82726FB8B00D37A93 /* ArticlesTests */ = {
			isa = PBXGroup;
			children = (
				11ECD5D92726FB8B00D37A93 /* ArticlesTests.swift */,
			);
			path = ArticlesTests;
			sourceTree = "<group>";
		};
		11ECD5E22726FB8B00D37A93 /* ArticlesUITests */ = {
			isa = PBXGroup;
			children = (
				11ECD5E32726FB8B00D37A93 /* ArticlesUITests.swift */,
				11ECD5E52726FB8B00D37A93 /* ArticlesUITestsLaunchTests.swift */,
			);
			path = ArticlesUITests;
			sourceTree = "<group>";
		};
/* End PBXGroup section */

/* Begin PBXNativeTarget section */
		11ECD5C42726FB8800D37A93 /* Articles */ = {
			isa = PBXNativeTarget;
			buildConfigurationList = 11ECD5E92726FB8B00D37A93 /* Build configuration list for PBXNativeTarget "Articles" */;
			buildPhases = (
				11ECD5C12726FB8800D37A93 /* Sources */,
				11ECD5C22726FB8800D37A93 /* Frameworks */,
				11ECD5C32726FB8800D37A93 /* Resources */,
			);
			buildRules = (
			);
			dependencies = (
			);
			name = Articles;
			productName = Articles;
			productReference = 11ECD5C52726FB8800D37A93 /* Articles.app */;
			productType = "com.apple.product-type.application";
		};
		11ECD5D42726FB8B00D37A93 /* ArticlesTests */ = {
			isa = PBXNativeTarget;
			buildConfigurationList = 11ECD5EC2726FB8B00D37A93 /* Build configuration list for PBXNativeTarget "ArticlesTests" */;
			buildPhases = (
				11ECD5D12726FB8B00D37A93 /* Sources */,
				11ECD5D22726FB8B00D37A93 /* Frameworks */,
				11ECD5D32726FB8B00D37A93 /* Resources */,
			);
			buildRules = (
			);
			dependencies = (
				11ECD5D72726FB8B00D37A93 /* PBXTargetDependency */,
			);
			name = ArticlesTests;
			productName = ArticlesTests;
			productReference = 11ECD5D52726FB8B00D37A93 /* ArticlesTests.xctest */;
			productType = "com.apple.product-type.bundle.unit-test";
		};
		11ECD5DE2726FB8B00D37A93 /* ArticlesUITests */ = {
			isa = PBXNativeTarget;
			buildConfigurationList = 11ECD5EF2726FB8B00D37A93 /* Build configuration list for PBXNativeTarget "ArticlesUITests" */;
			buildPhases = (
				11ECD5DB2726FB8B00D37A93 /* Sources */,
				11ECD5DC2726FB8B00D37A93 /* Frameworks */,
				11ECD5DD2726FB8B00D37A93 /* Resources */,
			);
			buildRules = (
			);
			dependencies = (
				11ECD5E12726FB8B00D37A93 /* PBXTargetDependency */,
			);
			name = ArticlesUITests;
			productName = ArticlesUITests;
			productReference = 11ECD5DF2726FB8B00D37A93 /* ArticlesUITests.xctest */;
			productType = "com.apple.product-type.bundle.ui-testing";
		};
/* End PBXNativeTarget section */

/* Begin PBXProject section */
		11ECD5BD2726FB8800D37A93 /* Project object */ = {
			isa = PBXProject;
			attributes = {
				BuildIndependentTargetsInParallel = 1;
				LastSwiftUpdateCheck = 1300;
				LastUpgradeCheck = 1300;
				TargetAttributes = {
					11ECD5C42726FB8800D37A93 = {
						CreatedOnToolsVersion = 13.0;
					};
					11ECD5D42726FB8B00D37A93 = {
						CreatedOnToolsVersion = 13.0;
						TestTargetID = 11ECD5C42726FB8800D37A93;
					};
					11ECD5DE2726FB8B00D37A93 = {
						CreatedOnToolsVersion = 13.0;
						TestTargetID = 11ECD5C42726FB8800D37A93;
					};
				};
			};
			buildConfigurationList = 11ECD5C02726FB8800D37A93 /* Build configuration list for PBXProject "Articles" */;
			compatibilityVersion = "Xcode 13.0";
			developmentRegion = en;
			hasScannedForEncodings = 0;
			knownRegions = (
				en,
				Base,
			);
			mainGroup = 11ECD5BC2726FB8800D37A93;
			productRefGroup = 11ECD5C62726FB8800D37A93 /* Products */;
			projectDirPath = "";
			projectRoot = "";
			targets = (
				11ECD5C42726FB8800D37A93 /* Articles */,
				11ECD5D42726FB8B00D37A93 /* ArticlesTests */,
				11ECD5DE2726FB8B00D37A93 /* ArticlesUITests */,
			);
		};
/* End PBXProject section */

/* Begin PBXResourcesBuildPhase section */
		11ECD5C32726FB8800D37A93 /* Resources */ = {
			isa = PBXResourcesBuildPhase;
			buildActionMask = 2147483647;
			files = (
				11ECD5D02726FB8B00D37A93 /* Preview Assets.xcassets in Resources */,
				11ECD5CD2726FB8B00D37A93 /* Assets.xcassets in Resources */,
			);
			runOnlyForDeploymentPostprocessing = 0;
		};
		11ECD5D32726FB8B00D37A93 /* Resources */ = {
			isa = PBXResourcesBuildPhase;
			buildActionMask = 2147483647;
			files = (
			);
			runOnlyForDeploymentPostprocessing = 0;
		};
		11ECD5DD2726FB8B00D37A93 /* Resources */ = {
			isa = PBXResourcesBuildPhase;
			buildActionMask = 2147483647;
			files = (
			);
			runOnlyForDeploymentPostprocessing = 0;
		};
/* End PBXResourcesBuildPhase section */

/* Begin PBXSourcesBuildPhase section */
		11ECD5C12726FB8800D37A93 /* Sources */ = {
			isa = PBXSourcesBuildPhase;
			buildActionMask = 2147483647;
			files = (
				11ECD5CB2726FB8800D37A93 /* ContentView.swift in Sources */,
				11ECD5C92726FB8800D37A93 /* ArticlesApp.swift in Sources */,
			);
			runOnlyForDeploymentPostprocessing = 0;
		};
		11ECD5D12726FB8B00D37A93 /* Sources */ = {
			isa = PBXSourcesBuildPhase;
			buildActionMask = 2147483647;
			files = (
				11ECD5DA2726FB8B00D37A93 /* ArticlesTests.swift in Sources */,
			);
			runOnlyForDeploymentPostprocessing = 0;
		};
		11ECD5DB2726FB8B00D37A93 /* Sources */ = {
			isa = PBXSourcesBuildPhase;
			buildActionMask = 2147483647;
			files = (
				11ECD5E62726FB8B00D37A93 /* ArticlesUITestsLaunchTests.swift in Sources */,
				11ECD5E42726FB8B00D37A93 /* ArticlesUITests.swift in Sources */,
			);
			runOnlyForDeploymentPostprocessing = 0;
		};
/* End PBXSourcesBuildPhase section */

/* Begin PBXTargetDependency section */
		11ECD5D72726FB8B00D37A93 /* PBXTargetDependency */ = {
			isa = PBXTargetDependency;
			target = 11ECD5C42726FB8800D37A93 /* Articles */;
			targetProxy = 11ECD5D62726FB8B00D37A93 /* PBXContainerItemProxy */;
		};
		11ECD5E12726FB8B00D37A93 /* PBXTargetDependency */ = {
			isa = PBXTargetDependency;
			target = 11ECD5C42726FB8800D37A93 /* Articles */;
			targetProxy = 11ECD5E02726FB8B00D37A93 /* PBXContainerItemProxy */;
		};
/* End PBXTargetDependency section */

/* Begin XCBuildConfiguration section */
		11ECD5E72726FB8B00D37A93 /* Debug */ = {
			isa = XCBuildConfiguration;
			buildSettings = {
				ALWAYS_SEARCH_USER_PATHS = NO;
				CLANG_ANALYZER_NONNULL = YES;
				CLANG_ANALYZER_NUMBER_OBJECT_CONVERSION = YES_AGGRESSIVE;
				CLANG_CXX_LANGUAGE_STANDARD = "gnu++17";
				CLANG_CXX_LIBRARY = "libc++";
				CLANG_ENABLE_MODULES = YES;
				CLANG_ENABLE_OBJC_ARC = YES;
				CLANG_ENABLE_OBJC_WEAK = YES;
				CLANG_WARN_BLOCK_CAPTURE_AUTORELEASING = YES;
				CLANG_WARN_BOOL_CONVERSION = YES;
				CLANG_WARN_COMMA = YES;
				CLANG_WARN_CONSTANT_CONVERSION = YES;
				CLANG_WARN_DEPRECATED_OBJC_IMPLEMENTATIONS = YES;
				CLANG_WARN_DIRECT_OBJC_ISA_USAGE = YES_ERROR;
				CLANG_WARN_DOCUMENTATION_COMMENTS = YES;
				CLANG_WARN_EMPTY_BODY = YES;
				CLANG_WARN_ENUM_CONVERSION = YES;
				CLANG_WARN_INFINITE_RECURSION = YES;
				CLANG_WARN_INT_CONVERSION = YES;
				CLANG_WARN_NON_LITERAL_NULL_CONVERSION = YES;
				CLANG_WARN_OBJC_IMPLICIT_RETAIN_SELF = YES;
				CLANG_WARN_OBJC_LITERAL_CONVERSION = YES;
				CLANG_WARN_OBJC_ROOT_CLASS = YES_ERROR;
				CLANG_WARN_QUOTED_INCLUDE_IN_FRAMEWORK_HEADER = YES;
				CLANG_WARN_RANGE_LOOP_ANALYSIS = YES;
				CLANG_WARN_STRICT_PROTOTYPES = YES;
				CLANG_WARN_SUSPICIOUS_MOVE = YES;
				CLANG_WARN_UNGUARDED_AVAILABILITY = YES_AGGRESSIVE;
				CLANG_WARN_UNREACHABLE_CODE = YES;
				CLANG_WARN__DUPLICATE_METHOD_MATCH = YES;
				COPY_PHASE_STRIP = NO;
				DEBUG_INFORMATION_FORMAT = dwarf;
				ENABLE_STRICT_OBJC_MSGSEND = YES;
				ENABLE_TESTABILITY = YES;
				GCC_C_LANGUAGE_STANDARD = gnu11;
				GCC_DYNAMIC_NO_PIC = NO;
				GCC_NO_COMMON_BLOCKS = YES;
				GCC_OPTIMIZATION_LEVEL = 0;
				GCC_PREPROCESSOR_DEFINITIONS = (
					"DEBUG=1",
					"$(inherited)",
				);
				GCC_WARN_64_TO_32_BIT_CONVERSION = YES;
				GCC_WARN_ABOUT_RETURN_TYPE = YES_ERROR;
				GCC_WARN_UNDECLARED_SELECTOR = YES;
				GCC_WARN_UNINITIALIZED_AUTOS = YES_AGGRESSIVE;
				GCC_WARN_UNUSED_FUNCTION = YES;
				GCC_WARN_UNUSED_VARIABLE = YES;
				IPHONEOS_DEPLOYMENT_TARGET = 15.0;
				MTL_ENABLE_DEBUG_INFO = INCLUDE_SOURCE;
				MTL_FAST_MATH = YES;
				ONLY_ACTIVE_ARCH = YES;
				SDKROOT = iphoneos;
				SWIFT_ACTIVE_COMPILATION_CONDITIONS = DEBUG;
				SWIFT_OPTIMIZATION_LEVEL = "-Onone";
			};
			name = Debug;
		};
		11ECD5E82726FB8B00D37A93 /* Release */ = {
			isa = XCBuildConfiguration;
			buildSettings = {
				ALWAYS_SEARCH_USER_PATHS = NO;
				CLANG_ANALYZER_NONNULL = YES;
				CLANG_ANALYZER_NUMBER_OBJECT_CONVERSION = YES_AGGRESSIVE;
				CLANG_CXX_LANGUAGE_STANDARD = "gnu++17";
				CLANG_CXX_LIBRARY = "libc++";
				CLANG_ENABLE_MODULES = YES;
				CLANG_ENABLE_OBJC_ARC = YES;
				CLANG_ENABLE_OBJC_WEAK = YES;
				CLANG_WARN_BLOCK_CAPTURE_AUTORELEASING = YES;
				CLANG_WARN_BOOL_CONVERSION = YES;
				CLANG_WARN_COMMA = YES;
				CLANG_WARN_CONSTANT_CONVERSION = YES;
				CLANG_WARN_DEPRECATED_OBJC_IMPLEMENTATIONS = YES;
				CLANG_WARN_DIRECT_OBJC_ISA_USAGE = YES_ERROR;
				CLANG_WARN_DOCUMENTATION_COMMENTS = YES;
				CLANG_WARN_EMPTY_BODY = YES;
				CLANG_WARN_ENUM_CONVERSION = YES;
				CLANG_WARN_INFINITE_RECURSION = YES;
				CLANG_WARN_INT_CONVERSION = YES;
				CLANG_WARN_NON_LITERAL_NULL_CONVERSION = YES;
				CLANG_WARN_OBJC_IMPLICIT_RETAIN_SELF = YES;
				CLANG_WARN_OBJC_LITERAL_CONVERSION = YES;
				CLANG_WARN_OBJC_ROOT_CLASS = YES_ERROR;
				CLANG_WARN_QUOTED_INCLUDE_IN_FRAMEWORK_HEADER = YES;
				CLANG_WARN_RANGE_LOOP_ANALYSIS = YES;
				CLANG_WARN_STRICT_PROTOTYPES = YES;
				CLANG_WARN_SUSPICIOUS_MOVE = YES;
				CLANG_WARN_UNGUARDED_AVAILABILITY = YES_AGGRESSIVE;
				CLANG_WARN_UNREACHABLE_CODE = YES;
				CLANG_WARN__DUPLICATE_METHOD_MATCH = YES;
				COPY_PHASE_STRIP = NO;
				DEBUG_INFORMATION_FORMAT = "dwarf-with-dsym";
				ENABLE_NS_ASSERTIONS = NO;
				ENABLE_STRICT_OBJC_MSGSEND = YES;
				GCC_C_LANGUAGE_STANDARD = gnu11;
				GCC_NO_COMMON_BLOCKS = YES;
				GCC_WARN_64_TO_32_BIT_CONVERSION = YES;
				GCC_WARN_ABOUT_RETURN_TYPE = YES_ERROR;
				GCC_WARN_UNDECLARED_SELECTOR = YES;
				GCC_WARN_UNINITIALIZED_AUTOS = YES_AGGRESSIVE;
				GCC_WARN_UNUSED_FUNCTION = YES;
				GCC_WARN_UNUSED_VARIABLE = YES;
				IPHONEOS_DEPLOYMENT_TARGET = 15.0;
				MTL_ENABLE_DEBUG_INFO = NO;
				MTL_FAST_MATH = YES;
				SDKROOT = iphoneos;
				SWIFT_COMPILATION_MODE = wholemodule;
				SWIFT_OPTIMIZATION_LEVEL = "-O";
				VALIDATE_PRODUCT = YES;
			};
			name = Release;
		};
		11ECD5EA2726FB8B00D37A93 /* Debug */ = {
			isa = XCBuildConfiguration;
			buildSettings = {
				ASSETCATALOG_COMPILER_APPICON_NAME = AppIcon;
				ASSETCATALOG_COMPILER_GLOBAL_ACCENT_COLOR_NAME = AccentColor;
				CODE_SIGN_STYLE = Automatic;
				CURRENT_PROJECT_VERSION = 1;
				DEVELOPMENT_ASSET_PATHS = "\"Articles/Preview Content\"";
				DEVELOPMENT_TEAM = Y859Y28SJX;
				ENABLE_PREVIEWS = YES;
				GENERATE_INFOPLIST_FILE = YES;
				INFOPLIST_KEY_UIApplicationSceneManifest_Generation = YES;
				INFOPLIST_KEY_UIApplicationSupportsIndirectInputEvents = YES;
				INFOPLIST_KEY_UILaunchScreen_Generation = YES;
				INFOPLIST_KEY_UISupportedInterfaceOrientations_iPad = "UIInterfaceOrientationPortrait UIInterfaceOrientationPortraitUpsideDown UIInterfaceOrientationLandscapeLeft UIInterfaceOrientationLandscapeRight";
				INFOPLIST_KEY_UISupportedInterfaceOrientations_iPhone = "UIInterfaceOrientationPortrait UIInterfaceOrientationLandscapeLeft UIInterfaceOrientationLandscapeRight";
				IPHONEOS_DEPLOYMENT_TARGET = 14.0;
				LD_RUNPATH_SEARCH_PATHS = (
					"$(inherited)",
					"@executable_path/Frameworks",
				);
				MARKETING_VERSION = 1.0;
				PRODUCT_BUNDLE_IDENTIFIER = tako.Articles;
				PRODUCT_NAME = "$(TARGET_NAME)";
				SWIFT_EMIT_LOC_STRINGS = YES;
				SWIFT_VERSION = 5.0;
				TARGETED_DEVICE_FAMILY = "1,2";
			};
			name = Debug;
		};
		11ECD5EB2726FB8B00D37A93 /* Release */ = {
			isa = XCBuildConfiguration;
			buildSettings = {
				ASSETCATALOG_COMPILER_APPICON_NAME = AppIcon;
				ASSETCATALOG_COMPILER_GLOBAL_ACCENT_COLOR_NAME = AccentColor;
				CODE_SIGN_STYLE = Automatic;
				CURRENT_PROJECT_VERSION = 1;
				DEVELOPMENT_ASSET_PATHS = "\"Articles/Preview Content\"";
				DEVELOPMENT_TEAM = Y859Y28SJX;
				ENABLE_PREVIEWS = YES;
				GENERATE_INFOPLIST_FILE = YES;
				INFOPLIST_KEY_UIApplicationSceneManifest_Generation = YES;
				INFOPLIST_KEY_UIApplicationSupportsIndirectInputEvents = YES;
				INFOPLIST_KEY_UILaunchScreen_Generation = YES;
				INFOPLIST_KEY_UISupportedInterfaceOrientations_iPad = "UIInterfaceOrientationPortrait UIInterfaceOrientationPortraitUpsideDown UIInterfaceOrientationLandscapeLeft UIInterfaceOrientationLandscapeRight";
				INFOPLIST_KEY_UISupportedInterfaceOrientations_iPhone = "UIInterfaceOrientationPortrait UIInterfaceOrientationLandscapeLeft UIInterfaceOrientationLandscapeRight";
				IPHONEOS_DEPLOYMENT_TARGET = 14.0;
				LD_RUNPATH_SEARCH_PATHS = (
					"$(inherited)",
					"@executable_path/Frameworks",
				);
				MARKETING_VERSION = 1.0;
				PRODUCT_BUNDLE_IDENTIFIER = tako.Articles;
				PRODUCT_NAME = "$(TARGET_NAME)";
				SWIFT_EMIT_LOC_STRINGS = YES;
				SWIFT_VERSION = 5.0;
				TARGETED_DEVICE_FAMILY = "1,2";
			};
			name = Release;
		};
		11ECD5ED2726FB8B00D37A93 /* Debug */ = {
			isa = XCBuildConfiguration;
			buildSettings = {
				ALWAYS_EMBED_SWIFT_STANDARD_LIBRARIES = YES;
				BUNDLE_LOADER = "$(TEST_HOST)";
				CODE_SIGN_STYLE = Automatic;
				CURRENT_PROJECT_VERSION = 1;
				DEVELOPMENT_TEAM = Y859Y28SJX;
				GENERATE_INFOPLIST_FILE = YES;
				IPHONEOS_DEPLOYMENT_TARGET = 14.0;
				LD_RUNPATH_SEARCH_PATHS = (
					"$(inherited)",
					"@executable_path/Frameworks",
					"@loader_path/Frameworks",
				);
				MARKETING_VERSION = 1.0;
				PRODUCT_BUNDLE_IDENTIFIER = tako.ArticlesTests;
				PRODUCT_NAME = "$(TARGET_NAME)";
				SWIFT_EMIT_LOC_STRINGS = NO;
				SWIFT_VERSION = 5.0;
				TARGETED_DEVICE_FAMILY = "1,2";
				TEST_HOST = "$(BUILT_PRODUCTS_DIR)/Articles.app/Articles";
			};
			name = Debug;
		};
		11ECD5EE2726FB8B00D37A93 /* Release */ = {
			isa = XCBuildConfiguration;
			buildSettings = {
				ALWAYS_EMBED_SWIFT_STANDARD_LIBRARIES = YES;
				BUNDLE_LOADER = "$(TEST_HOST)";
				CODE_SIGN_STYLE = Automatic;
				CURRENT_PROJECT_VERSION = 1;
				DEVELOPMENT_TEAM = Y859Y28SJX;
				GENERATE_INFOPLIST_FILE = YES;
				IPHONEOS_DEPLOYMENT_TARGET = 14.0;
				LD_RUNPATH_SEARCH_PATHS = (
					"$(inherited)",
					"@executable_path/Frameworks",
					"@loader_path/Frameworks",
				);
				MARKETING_VERSION = 1.0;
				PRODUCT_BUNDLE_IDENTIFIER = tako.ArticlesTests;
				PRODUCT_NAME = "$(TARGET_NAME)";
				SWIFT_EMIT_LOC_STRINGS = NO;
				SWIFT_VERSION = 5.0;
				TARGETED_DEVICE_FAMILY = "1,2";
				TEST_HOST = "$(BUILT_PRODUCTS_DIR)/Articles.app/Articles";
			};
			name = Release;
		};
		11ECD5F02726FB8B00D37A93 /* Debug */ = {
			isa = XCBuildConfiguration;
			buildSettings = {
				ALWAYS_EMBED_SWIFT_STANDARD_LIBRARIES = YES;
				CODE_SIGN_STYLE = Automatic;
				CURRENT_PROJECT_VERSION = 1;
				DEVELOPMENT_TEAM = Y859Y28SJX;
				GENERATE_INFOPLIST_FILE = YES;
				LD_RUNPATH_SEARCH_PATHS = (
					"$(inherited)",
					"@executable_path/Frameworks",
					"@loader_path/Frameworks",
				);
				MARKETING_VERSION = 1.0;
				PRODUCT_BUNDLE_IDENTIFIER = tako.ArticlesUITests;
				PRODUCT_NAME = "$(TARGET_NAME)";
				SWIFT_EMIT_LOC_STRINGS = NO;
				SWIFT_VERSION = 5.0;
				TARGETED_DEVICE_FAMILY = "1,2";
				TEST_TARGET_NAME = Articles;
			};
			name = Debug;
		};
		11ECD5F12726FB8B00D37A93 /* Release */ = {
			isa = XCBuildConfiguration;
			buildSettings = {
				ALWAYS_EMBED_SWIFT_STANDARD_LIBRARIES = YES;
				CODE_SIGN_STYLE = Automatic;
				CURRENT_PROJECT_VERSION = 1;
				DEVELOPMENT_TEAM = Y859Y28SJX;
				GENERATE_INFOPLIST_FILE = YES;
				LD_RUNPATH_SEARCH_PATHS = (
					"$(inherited)",
					"@executable_path/Frameworks",
					"@loader_path/Frameworks",
				);
				MARKETING_VERSION = 1.0;
				PRODUCT_BUNDLE_IDENTIFIER = tako.ArticlesUITests;
				PRODUCT_NAME = "$(TARGET_NAME)";
				SWIFT_EMIT_LOC_STRINGS = NO;
				SWIFT_VERSION = 5.0;
				TARGETED_DEVICE_FAMILY = "1,2";
				TEST_TARGET_NAME = Articles;
			};
			name = Release;
		};
/* End XCBuildConfiguration section */

/* Begin XCConfigurationList section */
		11ECD5C02726FB8800D37A93 /* Build configuration list for PBXProject "Articles" */ = {
			isa = XCConfigurationList;
			buildConfigurations = (
				11ECD5E72726FB8B00D37A93 /* Debug */,
				11ECD5E82726FB8B00D37A93 /* Release */,
			);
			defaultConfigurationIsVisible = 0;
			defaultConfigurationName = Release;
		};
		11ECD5E92726FB8B00D37A93 /* Build configuration list for PBXNativeTarget "Articles" */ = {
			isa = XCConfigurationList;
			buildConfigurations = (
				11ECD5EA2726FB8B00D37A93 /* Debug */,
				11ECD5EB2726FB8B00D37A93 /* Release */,
			);
			defaultConfigurationIsVisible = 0;
			defaultConfigurationName = Release;
		};
		11ECD5EC2726FB8B00D37A93 /* Build configuration list for PBXNativeTarget "ArticlesTests" */ = {
			isa = XCConfigurationList;
			buildConfigurations = (
				11ECD5ED2726FB8B00D37A93 /* Debug */,
				11ECD5EE2726FB8B00D37A93 /* Release */,
			);
			defaultConfigurationIsVisible = 0;
			defaultConfigurationName = Release;
		};
		11ECD5EF2726FB8B00D37A93 /* Build configuration list for PBXNativeTarget "ArticlesUITests" */ = {
			isa = XCConfigurationList;
			buildConfigurations = (
				11ECD5F02726FB8B00D37A93 /* Debug */,
				11ECD5F12726FB8B00D37A93 /* Release */,
			);
			defaultConfigurationIsVisible = 0;
			defaultConfigurationName = Release;
		};
/* End XCConfigurationList section */
	};
	rootObject = 11ECD5BD2726FB8800D37A93 /* Project object */;
}
