// !$*UTF8*$!
{
	archiveVersion = 1;
	classes = {
	};
	objectVersion = 55;
	objects = {

/* Begin PBXBuildFile section */
		11323A7B272D8D5B00BDD75F /* CacheListCellView.swift in Sources */ = {isa = PBXBuildFile; fileRef = 11323A7A272D8D5B00BDD75F /* CacheListCellView.swift */; };
		11323A81272D9B8500BDD75F /* SettingsControllerTests.swift in Sources */ = {isa = PBXBuildFile; fileRef = 11323A80272D9B8500BDD75F /* SettingsControllerTests.swift */; };
		11323A83272DA00E00BDD75F /* MockFileCache.swift in Sources */ = {isa = PBXBuildFile; fileRef = 11323A82272DA00E00BDD75F /* MockFileCache.swift */; };
		11323A85272DA1F100BDD75F /* AsyncCacheImageControllerTests.swift in Sources */ = {isa = PBXBuildFile; fileRef = 11323A84272DA1F100BDD75F /* AsyncCacheImageControllerTests.swift */; };
		11323A87272DA48700BDD75F /* MockNYTimesAPI.swift in Sources */ = {isa = PBXBuildFile; fileRef = 11323A86272DA48700BDD75F /* MockNYTimesAPI.swift */; };
		11323A8C272DA56F00BDD75F /* MockImageFetcher.swift in Sources */ = {isa = PBXBuildFile; fileRef = 11323A8B272DA56F00BDD75F /* MockImageFetcher.swift */; };
		11323A8E272DA73E00BDD75F /* NYTimesAPITests.swift in Sources */ = {isa = PBXBuildFile; fileRef = 11323A8D272DA73E00BDD75F /* NYTimesAPITests.swift */; };
		114B685D272B31EE00C0E924 /* StubArticleJSON.swift in Sources */ = {isa = PBXBuildFile; fileRef = 114B685C272B31EE00C0E924 /* StubArticleJSON.swift */; };
		11ECD5C92726FB8800D37A93 /* ArticlesApp.swift in Sources */ = {isa = PBXBuildFile; fileRef = 11ECD5C82726FB8800D37A93 /* ArticlesApp.swift */; };
		11ECD5CD2726FB8B00D37A93 /* Assets.xcassets in Resources */ = {isa = PBXBuildFile; fileRef = 11ECD5CC2726FB8B00D37A93 /* Assets.xcassets */; };
		11ECD5D02726FB8B00D37A93 /* Preview Assets.xcassets in Resources */ = {isa = PBXBuildFile; fileRef = 11ECD5CF2726FB8B00D37A93 /* Preview Assets.xcassets */; };
		11ECD5DA2726FB8B00D37A93 /* ArticlesControllerTests.swift in Sources */ = {isa = PBXBuildFile; fileRef = 11ECD5D92726FB8B00D37A93 /* ArticlesControllerTests.swift */; };
		11ECD5F82726FC5B00D37A93 /* AsyncCacheImageController.swift in Sources */ = {isa = PBXBuildFile; fileRef = 11ECD5F52726FC5B00D37A93 /* AsyncCacheImageController.swift */; };
		11ECD5F92726FC5B00D37A93 /* ArticlesController.swift in Sources */ = {isa = PBXBuildFile; fileRef = 11ECD5F62726FC5B00D37A93 /* ArticlesController.swift */; };
		11ECD5FA2726FC5B00D37A93 /* SettingsController.swift in Sources */ = {isa = PBXBuildFile; fileRef = 11ECD5F72726FC5B00D37A93 /* SettingsController.swift */; };
		11ECD5FD2726FC6600D37A93 /* NYTimesAPI.swift in Sources */ = {isa = PBXBuildFile; fileRef = 11ECD5FC2726FC6600D37A93 /* NYTimesAPI.swift */; };
		11ECD6032726FC6E00D37A93 /* Article.swift in Sources */ = {isa = PBXBuildFile; fileRef = 11ECD6002726FC6E00D37A93 /* Article.swift */; };
		11ECD6042726FC6E00D37A93 /* NetworkError.swift in Sources */ = {isa = PBXBuildFile; fileRef = 11ECD6012726FC6E00D37A93 /* NetworkError.swift */; };
		11ECD60C2726FC7400D37A93 /* SettingsView.swift in Sources */ = {isa = PBXBuildFile; fileRef = 11ECD6062726FC7400D37A93 /* SettingsView.swift */; };
		11ECD60D2726FC7400D37A93 /* ArticleView.swift in Sources */ = {isa = PBXBuildFile; fileRef = 11ECD6072726FC7400D37A93 /* ArticleView.swift */; };
		11ECD60E2726FC7400D37A93 /* ArticlesListView.swift in Sources */ = {isa = PBXBuildFile; fileRef = 11ECD6082726FC7400D37A93 /* ArticlesListView.swift */; };
		11ECD60F2726FC7400D37A93 /* AsyncCacheImageView.swift in Sources */ = {isa = PBXBuildFile; fileRef = 11ECD6092726FC7400D37A93 /* AsyncCacheImageView.swift */; };
		11ECD6102726FC7400D37A93 /* ArticlesListCellView.swift in Sources */ = {isa = PBXBuildFile; fileRef = 11ECD60A2726FC7400D37A93 /* ArticlesListCellView.swift */; };
		11ECD6112726FC7400D37A93 /* ErrorView.swift in Sources */ = {isa = PBXBuildFile; fileRef = 11ECD60B2726FC7400D37A93 /* ErrorView.swift */; };
		11ECD6142726FC7A00D37A93 /* FileCache.swift in Sources */ = {isa = PBXBuildFile; fileRef = 11ECD6132726FC7A00D37A93 /* FileCache.swift */; };
		11ECD6182726FC8000D37A93 /* URLComponents + Extensions.swift in Sources */ = {isa = PBXBuildFile; fileRef = 11ECD6162726FC8000D37A93 /* URLComponents + Extensions.swift */; };
		11ECD6192726FC8000D37A93 /* URL + Extensions.swift in Sources */ = {isa = PBXBuildFile; fileRef = 11ECD6172726FC8000D37A93 /* URL + Extensions.swift */; };
		11ECD61E2726FC8D00D37A93 /* TestData.swift in Sources */ = {isa = PBXBuildFile; fileRef = 11ECD61D2726FC8D00D37A93 /* TestData.swift */; };
		11ECD6202727086F00D37A93 /* NoImageView.swift in Sources */ = {isa = PBXBuildFile; fileRef = 11ECD61F2727086F00D37A93 /* NoImageView.swift */; };
/* End PBXBuildFile section */

/* Begin PBXContainerItemProxy section */
		11ECD5D62726FB8B00D37A93 /* PBXContainerItemProxy */ = {
			isa = PBXContainerItemProxy;
			containerPortal = 11ECD5BD2726FB8800D37A93 /* Project object */;
			proxyType = 1;
			remoteGlobalIDString = 11ECD5C42726FB8800D37A93;
			remoteInfo = Articles;
		};
/* End PBXContainerItemProxy section */

/* Begin PBXFileReference section */
		11323A7A272D8D5B00BDD75F /* CacheListCellView.swift */ = {isa = PBXFileReference; lastKnownFileType = sourcecode.swift; path = CacheListCellView.swift; sourceTree = "<group>"; };
		11323A80272D9B8500BDD75F /* SettingsControllerTests.swift */ = {isa = PBXFileReference; lastKnownFileType = sourcecode.swift; path = SettingsControllerTests.swift; sourceTree = "<group>"; };
		11323A82272DA00E00BDD75F /* MockFileCache.swift */ = {isa = PBXFileReference; lastKnownFileType = sourcecode.swift; path = MockFileCache.swift; sourceTree = "<group>"; };
		11323A84272DA1F100BDD75F /* AsyncCacheImageControllerTests.swift */ = {isa = PBXFileReference; lastKnownFileType = sourcecode.swift; path = AsyncCacheImageControllerTests.swift; sourceTree = "<group>"; };
		11323A86272DA48700BDD75F /* MockNYTimesAPI.swift */ = {isa = PBXFileReference; lastKnownFileType = sourcecode.swift; path = MockNYTimesAPI.swift; sourceTree = "<group>"; };
		11323A8B272DA56F00BDD75F /* MockImageFetcher.swift */ = {isa = PBXFileReference; lastKnownFileType = sourcecode.swift; path = MockImageFetcher.swift; sourceTree = "<group>"; };
		11323A8D272DA73E00BDD75F /* NYTimesAPITests.swift */ = {isa = PBXFileReference; lastKnownFileType = sourcecode.swift; path = NYTimesAPITests.swift; sourceTree = "<group>"; };
		114B685C272B31EE00C0E924 /* StubArticleJSON.swift */ = {isa = PBXFileReference; lastKnownFileType = sourcecode.swift; path = StubArticleJSON.swift; sourceTree = "<group>"; };
		11ECD5C52726FB8800D37A93 /* Articles.app */ = {isa = PBXFileReference; explicitFileType = wrapper.application; includeInIndex = 0; path = Articles.app; sourceTree = BUILT_PRODUCTS_DIR; };
		11ECD5C82726FB8800D37A93 /* ArticlesApp.swift */ = {isa = PBXFileReference; lastKnownFileType = sourcecode.swift; path = ArticlesApp.swift; sourceTree = "<group>"; };
		11ECD5CC2726FB8B00D37A93 /* Assets.xcassets */ = {isa = PBXFileReference; lastKnownFileType = folder.assetcatalog; path = Assets.xcassets; sourceTree = "<group>"; };
		11ECD5CF2726FB8B00D37A93 /* Preview Assets.xcassets */ = {isa = PBXFileReference; lastKnownFileType = folder.assetcatalog; path = "Preview Assets.xcassets"; sourceTree = "<group>"; };
		11ECD5D52726FB8B00D37A93 /* ArticlesTests.xctest */ = {isa = PBXFileReference; explicitFileType = wrapper.cfbundle; includeInIndex = 0; path = ArticlesTests.xctest; sourceTree = BUILT_PRODUCTS_DIR; };
		11ECD5D92726FB8B00D37A93 /* ArticlesControllerTests.swift */ = {isa = PBXFileReference; lastKnownFileType = sourcecode.swift; path = ArticlesControllerTests.swift; sourceTree = "<group>"; };
		11ECD5F52726FC5B00D37A93 /* AsyncCacheImageController.swift */ = {isa = PBXFileReference; fileEncoding = 4; lastKnownFileType = sourcecode.swift; path = AsyncCacheImageController.swift; sourceTree = "<group>"; };
		11ECD5F62726FC5B00D37A93 /* ArticlesController.swift */ = {isa = PBXFileReference; fileEncoding = 4; lastKnownFileType = sourcecode.swift; path = ArticlesController.swift; sourceTree = "<group>"; };
		11ECD5F72726FC5B00D37A93 /* SettingsController.swift */ = {isa = PBXFileReference; fileEncoding = 4; lastKnownFileType = sourcecode.swift; path = SettingsController.swift; sourceTree = "<group>"; };
		11ECD5FC2726FC6600D37A93 /* NYTimesAPI.swift */ = {isa = PBXFileReference; fileEncoding = 4; lastKnownFileType = sourcecode.swift; path = NYTimesAPI.swift; sourceTree = "<group>"; };
		11ECD6002726FC6E00D37A93 /* Article.swift */ = {isa = PBXFileReference; fileEncoding = 4; lastKnownFileType = sourcecode.swift; path = Article.swift; sourceTree = "<group>"; };
		11ECD6012726FC6E00D37A93 /* NetworkError.swift */ = {isa = PBXFileReference; fileEncoding = 4; lastKnownFileType = sourcecode.swift; path = NetworkError.swift; sourceTree = "<group>"; };
		11ECD6062726FC7400D37A93 /* SettingsView.swift */ = {isa = PBXFileReference; fileEncoding = 4; lastKnownFileType = sourcecode.swift; path = SettingsView.swift; sourceTree = "<group>"; };
		11ECD6072726FC7400D37A93 /* ArticleView.swift */ = {isa = PBXFileReference; fileEncoding = 4; lastKnownFileType = sourcecode.swift; path = ArticleView.swift; sourceTree = "<group>"; };
		11ECD6082726FC7400D37A93 /* ArticlesListView.swift */ = {isa = PBXFileReference; fileEncoding = 4; lastKnownFileType = sourcecode.swift; path = ArticlesListView.swift; sourceTree = "<group>"; };
		11ECD6092726FC7400D37A93 /* AsyncCacheImageView.swift */ = {isa = PBXFileReference; fileEncoding = 4; lastKnownFileType = sourcecode.swift; path = AsyncCacheImageView.swift; sourceTree = "<group>"; };
		11ECD60A2726FC7400D37A93 /* ArticlesListCellView.swift */ = {isa = PBXFileReference; fileEncoding = 4; lastKnownFileType = sourcecode.swift; path = ArticlesListCellView.swift; sourceTree = "<group>"; };
		11ECD60B2726FC7400D37A93 /* ErrorView.swift */ = {isa = PBXFileReference; fileEncoding = 4; lastKnownFileType = sourcecode.swift; path = ErrorView.swift; sourceTree = "<group>"; };
		11ECD6132726FC7A00D37A93 /* FileCache.swift */ = {isa = PBXFileReference; fileEncoding = 4; lastKnownFileType = sourcecode.swift; path = FileCache.swift; sourceTree = "<group>"; };
		11ECD6162726FC8000D37A93 /* URLComponents + Extensions.swift */ = {isa = PBXFileReference; fileEncoding = 4; lastKnownFileType = sourcecode.swift; path = "URLComponents + Extensions.swift"; sourceTree = "<group>"; };
		11ECD6172726FC8000D37A93 /* URL + Extensions.swift */ = {isa = PBXFileReference; fileEncoding = 4; lastKnownFileType = sourcecode.swift; path = "URL + Extensions.swift"; sourceTree = "<group>"; };
		11ECD61D2726FC8D00D37A93 /* TestData.swift */ = {isa = PBXFileReference; fileEncoding = 4; lastKnownFileType = sourcecode.swift; path = TestData.swift; sourceTree = "<group>"; };
		11ECD61F2727086F00D37A93 /* NoImageView.swift */ = {isa = PBXFileReference; lastKnownFileType = sourcecode.swift; path = NoImageView.swift; sourceTree = "<group>"; };
/* End PBXFileReference section */

/* Begin PBXFrameworksBuildPhase section */
		11ECD5C22726FB8800D37A93 /* Frameworks */ = {
			isa = PBXFrameworksBuildPhase;
			buildActionMask = 2147483647;
			files = (
			);
			runOnlyForDeploymentPostprocessing = 0;
		};
		11ECD5D22726FB8B00D37A93 /* Frameworks */ = {
			isa = PBXFrameworksBuildPhase;
			buildActionMask = 2147483647;
			files = (
			);
			runOnlyForDeploymentPostprocessing = 0;
		};
/* End PBXFrameworksBuildPhase section */

/* Begin PBXGroup section */
		11323A7C272D98CC00BDD75F /* Settings */ = {
			isa = PBXGroup;
			children = (
				11ECD6062726FC7400D37A93 /* SettingsView.swift */,
				11323A7A272D8D5B00BDD75F /* CacheListCellView.swift */,
			);
			path = Settings;
			sourceTree = "<group>";
		};
		11323A7D272D98E900BDD75F /* Article */ = {
			isa = PBXGroup;
			children = (
				11ECD6082726FC7400D37A93 /* ArticlesListView.swift */,
				11ECD60A2726FC7400D37A93 /* ArticlesListCellView.swift */,
				11ECD6072726FC7400D37A93 /* ArticleView.swift */,
			);
			path = Article;
			sourceTree = "<group>";
		};
		11323A7E272D98FF00BDD75F /* Image */ = {
			isa = PBXGroup;
			children = (
				11ECD6092726FC7400D37A93 /* AsyncCacheImageView.swift */,
				11ECD61F2727086F00D37A93 /* NoImageView.swift */,
			);
			path = Image;
			sourceTree = "<group>";
		};
		11323A7F272D9A0700BDD75F /* Test data */ = {
			isa = PBXGroup;
			children = (
				11ECD61D2726FC8D00D37A93 /* TestData.swift */,
			);
			path = "Test data";
			sourceTree = "<group>";
		};
		11323A89272DA54400BDD75F /* Mock */ = {
			isa = PBXGroup;
			children = (
				11323A86272DA48700BDD75F /* MockNYTimesAPI.swift */,
				11323A82272DA00E00BDD75F /* MockFileCache.swift */,
				11323A8B272DA56F00BDD75F /* MockImageFetcher.swift */,
			);
			path = Mock;
			sourceTree = "<group>";
		};
		11323A8A272DA54D00BDD75F /* Stub */ = {
			isa = PBXGroup;
			children = (
				114B685C272B31EE00C0E924 /* StubArticleJSON.swift */,
			);
			path = Stub;
			sourceTree = "<group>";
		};
		11ECD5BC2726FB8800D37A93 = {
			isa = PBXGroup;
			children = (
				11ECD5C72726FB8800D37A93 /* Articles */,
				11ECD5D82726FB8B00D37A93 /* ArticlesTests */,
				11ECD5C62726FB8800D37A93 /* Products */,
			);
			sourceTree = "<group>";
		};
		11ECD5C62726FB8800D37A93 /* Products */ = {
			isa = PBXGroup;
			children = (
				11ECD5C52726FB8800D37A93 /* Articles.app */,
				11ECD5D52726FB8B00D37A93 /* ArticlesTests.xctest */,
			);
			name = Products;
			sourceTree = "<group>";
		};
		11ECD5C72726FB8800D37A93 /* Articles */ = {
			isa = PBXGroup;
			children = (
				11ECD5C82726FB8800D37A93 /* ArticlesApp.swift */,
				11ECD5FE2726FC6E00D37A93 /* Model */,
				11ECD6052726FC7400D37A93 /* View */,
				11ECD5F42726FC5B00D37A93 /* Controller */,
				11ECD5FB2726FC6600D37A93 /* Service */,
				11ECD6152726FC8000D37A93 /* Extension */,
				11ECD5CC2726FB8B00D37A93 /* Assets.xcassets */,
				11ECD5CE2726FB8B00D37A93 /* Preview Content */,
			);
			path = Articles;
			sourceTree = "<group>";
		};
		11ECD5CE2726FB8B00D37A93 /* Preview Content */ = {
			isa = PBXGroup;
			children = (
				11323A7F272D9A0700BDD75F /* Test data */,
				11ECD5CF2726FB8B00D37A93 /* Preview Assets.xcassets */,
			);
			path = "Preview Content";
			sourceTree = "<group>";
		};
		11ECD5D82726FB8B00D37A93 /* ArticlesTests */ = {
			isa = PBXGroup;
			children = (
				11ECD5D92726FB8B00D37A93 /* ArticlesControllerTests.swift */,
				11323A80272D9B8500BDD75F /* SettingsControllerTests.swift */,
				11323A8D272DA73E00BDD75F /* NYTimesAPITests.swift */,
				11323A84272DA1F100BDD75F /* AsyncCacheImageControllerTests.swift */,
				11323A89272DA54400BDD75F /* Mock */,
				11323A8A272DA54D00BDD75F /* Stub */,
			);
			path = ArticlesTests;
			sourceTree = "<group>";
		};
		11ECD5F42726FC5B00D37A93 /* Controller */ = {
			isa = PBXGroup;
			children = (
				11ECD5F62726FC5B00D37A93 /* ArticlesController.swift */,
				11ECD5F72726FC5B00D37A93 /* SettingsController.swift */,
				11ECD5F52726FC5B00D37A93 /* AsyncCacheImageController.swift */,
			);
			path = Controller;
			sourceTree = "<group>";
		};
		11ECD5FB2726FC6600D37A93 /* Service */ = {
			isa = PBXGroup;
			children = (
				11ECD5FC2726FC6600D37A93 /* NYTimesAPI.swift */,
				11ECD6132726FC7A00D37A93 /* FileCache.swift */,
			);
			path = Service;
			sourceTree = "<group>";
		};
		11ECD5FE2726FC6E00D37A93 /* Model */ = {
			isa = PBXGroup;
			children = (
				11ECD6002726FC6E00D37A93 /* Article.swift */,
				11ECD6012726FC6E00D37A93 /* NetworkError.swift */,
			);
			path = Model;
			sourceTree = "<group>";
		};
		11ECD6052726FC7400D37A93 /* View */ = {
			isa = PBXGroup;
			children = (
				11ECD60B2726FC7400D37A93 /* ErrorView.swift */,
				11323A7D272D98E900BDD75F /* Article */,
				11323A7C272D98CC00BDD75F /* Settings */,
				11323A7E272D98FF00BDD75F /* Image */,
			);
			path = View;
			sourceTree = "<group>";
		};
		11ECD6152726FC8000D37A93 /* Extension */ = {
			isa = PBXGroup;
			children = (
				11ECD6162726FC8000D37A93 /* URLComponents + Extensions.swift */,
				11ECD6172726FC8000D37A93 /* URL + Extensions.swift */,
			);
			path = Extension;
			sourceTree = "<group>";
		};
/* End PBXGroup section */

/* Begin PBXNativeTarget section */
		11ECD5C42726FB8800D37A93 /* Articles */ = {
			isa = PBXNativeTarget;
			buildConfigurationList = 11ECD5E92726FB8B00D37A93 /* Build configuration list for PBXNativeTarget "Articles" */;
			buildPhases = (
				11ECD5C12726FB8800D37A93 /* Sources */,
				11ECD5C22726FB8800D37A93 /* Frameworks */,
				11ECD5C32726FB8800D37A93 /* Resources */,
			);
			buildRules = (
			);
			dependencies = (
			);
			name = Articles;
			productName = Articles;
			productReference = 11ECD5C52726FB8800D37A93 /* Articles.app */;
			productType = "com.apple.product-type.application";
		};
		11ECD5D42726FB8B00D37A93 /* ArticlesTests */ = {
			isa = PBXNativeTarget;
			buildConfigurationList = 11ECD5EC2726FB8B00D37A93 /* Build configuration list for PBXNativeTarget "ArticlesTests" */;
			buildPhases = (
				11ECD5D12726FB8B00D37A93 /* Sources */,
				11ECD5D22726FB8B00D37A93 /* Frameworks */,
				11ECD5D32726FB8B00D37A93 /* Resources */,
			);
			buildRules = (
			);
			dependencies = (
				11ECD5D72726FB8B00D37A93 /* PBXTargetDependency */,
			);
			name = ArticlesTests;
			productName = ArticlesTests;
			productReference = 11ECD5D52726FB8B00D37A93 /* ArticlesTests.xctest */;
			productType = "com.apple.product-type.bundle.unit-test";
		};
/* End PBXNativeTarget section */

/* Begin PBXProject section */
		11ECD5BD2726FB8800D37A93 /* Project object */ = {
			isa = PBXProject;
			attributes = {
				BuildIndependentTargetsInParallel = 1;
				LastSwiftUpdateCheck = 1300;
				LastUpgradeCheck = 1300;
				TargetAttributes = {
					11ECD5C42726FB8800D37A93 = {
						CreatedOnToolsVersion = 13.0;
					};
					11ECD5D42726FB8B00D37A93 = {
						CreatedOnToolsVersion = 13.0;
						TestTargetID = 11ECD5C42726FB8800D37A93;
					};
				};
			};
			buildConfigurationList = 11ECD5C02726FB8800D37A93 /* Build configuration list for PBXProject "Articles" */;
			compatibilityVersion = "Xcode 13.0";
			developmentRegion = en;
			hasScannedForEncodings = 0;
			knownRegions = (
				en,
				Base,
			);
			mainGroup = 11ECD5BC2726FB8800D37A93;
			productRefGroup = 11ECD5C62726FB8800D37A93 /* Products */;
			projectDirPath = "";
			projectRoot = "";
			targets = (
				11ECD5C42726FB8800D37A93 /* Articles */,
				11ECD5D42726FB8B00D37A93 /* ArticlesTests */,
			);
		};
/* End PBXProject section */

/* Begin PBXResourcesBuildPhase section */
		11ECD5C32726FB8800D37A93 /* Resources */ = {
			isa = PBXResourcesBuildPhase;
			buildActionMask = 2147483647;
			files = (
				11ECD5D02726FB8B00D37A93 /* Preview Assets.xcassets in Resources */,
				11ECD5CD2726FB8B00D37A93 /* Assets.xcassets in Resources */,
			);
			runOnlyForDeploymentPostprocessing = 0;
		};
		11ECD5D32726FB8B00D37A93 /* Resources */ = {
			isa = PBXResourcesBuildPhase;
			buildActionMask = 2147483647;
			files = (
			);
			runOnlyForDeploymentPostprocessing = 0;
		};
/* End PBXResourcesBuildPhase section */

/* Begin PBXSourcesBuildPhase section */
		11ECD5C12726FB8800D37A93 /* Sources */ = {
			isa = PBXSourcesBuildPhase;
			buildActionMask = 2147483647;
			files = (
				11ECD6142726FC7A00D37A93 /* FileCache.swift in Sources */,
				11ECD5FA2726FC5B00D37A93 /* SettingsController.swift in Sources */,
				11ECD61E2726FC8D00D37A93 /* TestData.swift in Sources */,
				11ECD6102726FC7400D37A93 /* ArticlesListCellView.swift in Sources */,
				11ECD5C92726FB8800D37A93 /* ArticlesApp.swift in Sources */,
				11ECD6192726FC8000D37A93 /* URL + Extensions.swift in Sources */,
				11ECD6202727086F00D37A93 /* NoImageView.swift in Sources */,
				11ECD6182726FC8000D37A93 /* URLComponents + Extensions.swift in Sources */,
				11ECD60E2726FC7400D37A93 /* ArticlesListView.swift in Sources */,
				11ECD6032726FC6E00D37A93 /* Article.swift in Sources */,
				11ECD60C2726FC7400D37A93 /* SettingsView.swift in Sources */,
				11ECD5F92726FC5B00D37A93 /* ArticlesController.swift in Sources */,
				11ECD60F2726FC7400D37A93 /* AsyncCacheImageView.swift in Sources */,
				11323A7B272D8D5B00BDD75F /* CacheListCellView.swift in Sources */,
				11ECD6112726FC7400D37A93 /* ErrorView.swift in Sources */,
				11ECD6042726FC6E00D37A93 /* NetworkError.swift in Sources */,
				11ECD5F82726FC5B00D37A93 /* AsyncCacheImageController.swift in Sources */,
				11ECD5FD2726FC6600D37A93 /* NYTimesAPI.swift in Sources */,
				11ECD60D2726FC7400D37A93 /* ArticleView.swift in Sources */,
			);
			runOnlyForDeploymentPostprocessing = 0;
		};
		11ECD5D12726FB8B00D37A93 /* Sources */ = {
			isa = PBXSourcesBuildPhase;
			buildActionMask = 2147483647;
			files = (
				11323A83272DA00E00BDD75F /* MockFileCache.swift in Sources */,
				114B685D272B31EE00C0E924 /* StubArticleJSON.swift in Sources */,
				11323A87272DA48700BDD75F /* MockNYTimesAPI.swift in Sources */,
				11323A85272DA1F100BDD75F /* AsyncCacheImageControllerTests.swift in Sources */,
				11323A8C272DA56F00BDD75F /* MockImageFetcher.swift in Sources */,
				11ECD5DA2726FB8B00D37A93 /* ArticlesControllerTests.swift in Sources */,
				11323A8E272DA73E00BDD75F /* NYTimesAPITests.swift in Sources */,
				11323A81272D9B8500BDD75F /* SettingsControllerTests.swift in Sources */,
			);
			runOnlyForDeploymentPostprocessing = 0;
		};
/* End PBXSourcesBuildPhase section */

/* Begin PBXTargetDependency section */
		11ECD5D72726FB8B00D37A93 /* PBXTargetDependency */ = {
			isa = PBXTargetDependency;
			target = 11ECD5C42726FB8800D37A93 /* Articles */;
			targetProxy = 11ECD5D62726FB8B00D37A93 /* PBXContainerItemProxy */;
		};
/* End PBXTargetDependency section */

/* Begin XCBuildConfiguration section */
		11ECD5E72726FB8B00D37A93 /* Debug */ = {
			isa = XCBuildConfiguration;
			buildSettings = {
				ALWAYS_SEARCH_USER_PATHS = NO;
				CLANG_ANALYZER_NONNULL = YES;
				CLANG_ANALYZER_NUMBER_OBJECT_CONVERSION = YES_AGGRESSIVE;
				CLANG_CXX_LANGUAGE_STANDARD = "gnu++17";
				CLANG_CXX_LIBRARY = "libc++";
				CLANG_ENABLE_MODULES = YES;
				CLANG_ENABLE_OBJC_ARC = YES;
				CLANG_ENABLE_OBJC_WEAK = YES;
				CLANG_WARN_BLOCK_CAPTURE_AUTORELEASING = YES;
				CLANG_WARN_BOOL_CONVERSION = YES;
				CLANG_WARN_COMMA = YES;
				CLANG_WARN_CONSTANT_CONVERSION = YES;
				CLANG_WARN_DEPRECATED_OBJC_IMPLEMENTATIONS = YES;
				CLANG_WARN_DIRECT_OBJC_ISA_USAGE = YES_ERROR;
				CLANG_WARN_DOCUMENTATION_COMMENTS = YES;
				CLANG_WARN_EMPTY_BODY = YES;
				CLANG_WARN_ENUM_CONVERSION = YES;
				CLANG_WARN_INFINITE_RECURSION = YES;
				CLANG_WARN_INT_CONVERSION = YES;
				CLANG_WARN_NON_LITERAL_NULL_CONVERSION = YES;
				CLANG_WARN_OBJC_IMPLICIT_RETAIN_SELF = YES;
				CLANG_WARN_OBJC_LITERAL_CONVERSION = YES;
				CLANG_WARN_OBJC_ROOT_CLASS = YES_ERROR;
				CLANG_WARN_QUOTED_INCLUDE_IN_FRAMEWORK_HEADER = YES;
				CLANG_WARN_RANGE_LOOP_ANALYSIS = YES;
				CLANG_WARN_STRICT_PROTOTYPES = YES;
				CLANG_WARN_SUSPICIOUS_MOVE = YES;
				CLANG_WARN_UNGUARDED_AVAILABILITY = YES_AGGRESSIVE;
				CLANG_WARN_UNREACHABLE_CODE = YES;
				CLANG_WARN__DUPLICATE_METHOD_MATCH = YES;
				COPY_PHASE_STRIP = NO;
				DEBUG_INFORMATION_FORMAT = dwarf;
				ENABLE_STRICT_OBJC_MSGSEND = YES;
				ENABLE_TESTABILITY = YES;
				GCC_C_LANGUAGE_STANDARD = gnu11;
				GCC_DYNAMIC_NO_PIC = NO;
				GCC_NO_COMMON_BLOCKS = YES;
				GCC_OPTIMIZATION_LEVEL = 0;
				GCC_PREPROCESSOR_DEFINITIONS = (
					"DEBUG=1",
					"$(inherited)",
				);
				GCC_WARN_64_TO_32_BIT_CONVERSION = YES;
				GCC_WARN_ABOUT_RETURN_TYPE = YES_ERROR;
				GCC_WARN_UNDECLARED_SELECTOR = YES;
				GCC_WARN_UNINITIALIZED_AUTOS = YES_AGGRESSIVE;
				GCC_WARN_UNUSED_FUNCTION = YES;
				GCC_WARN_UNUSED_VARIABLE = YES;
				IPHONEOS_DEPLOYMENT_TARGET = 15.0;
				MTL_ENABLE_DEBUG_INFO = INCLUDE_SOURCE;
				MTL_FAST_MATH = YES;
				ONLY_ACTIVE_ARCH = YES;
				SDKROOT = iphoneos;
				SWIFT_ACTIVE_COMPILATION_CONDITIONS = DEBUG;
				SWIFT_OPTIMIZATION_LEVEL = "-Onone";
			};
			name = Debug;
		};
		11ECD5E82726FB8B00D37A93 /* Release */ = {
			isa = XCBuildConfiguration;
			buildSettings = {
				ALWAYS_SEARCH_USER_PATHS = NO;
				CLANG_ANALYZER_NONNULL = YES;
				CLANG_ANALYZER_NUMBER_OBJECT_CONVERSION = YES_AGGRESSIVE;
				CLANG_CXX_LANGUAGE_STANDARD = "gnu++17";
				CLANG_CXX_LIBRARY = "libc++";
				CLANG_ENABLE_MODULES = YES;
				CLANG_ENABLE_OBJC_ARC = YES;
				CLANG_ENABLE_OBJC_WEAK = YES;
				CLANG_WARN_BLOCK_CAPTURE_AUTORELEASING = YES;
				CLANG_WARN_BOOL_CONVERSION = YES;
				CLANG_WARN_COMMA = YES;
				CLANG_WARN_CONSTANT_CONVERSION = YES;
				CLANG_WARN_DEPRECATED_OBJC_IMPLEMENTATIONS = YES;
				CLANG_WARN_DIRECT_OBJC_ISA_USAGE = YES_ERROR;
				CLANG_WARN_DOCUMENTATION_COMMENTS = YES;
				CLANG_WARN_EMPTY_BODY = YES;
				CLANG_WARN_ENUM_CONVERSION = YES;
				CLANG_WARN_INFINITE_RECURSION = YES;
				CLANG_WARN_INT_CONVERSION = YES;
				CLANG_WARN_NON_LITERAL_NULL_CONVERSION = YES;
				CLANG_WARN_OBJC_IMPLICIT_RETAIN_SELF = YES;
				CLANG_WARN_OBJC_LITERAL_CONVERSION = YES;
				CLANG_WARN_OBJC_ROOT_CLASS = YES_ERROR;
				CLANG_WARN_QUOTED_INCLUDE_IN_FRAMEWORK_HEADER = YES;
				CLANG_WARN_RANGE_LOOP_ANALYSIS = YES;
				CLANG_WARN_STRICT_PROTOTYPES = YES;
				CLANG_WARN_SUSPICIOUS_MOVE = YES;
				CLANG_WARN_UNGUARDED_AVAILABILITY = YES_AGGRESSIVE;
				CLANG_WARN_UNREACHABLE_CODE = YES;
				CLANG_WARN__DUPLICATE_METHOD_MATCH = YES;
				COPY_PHASE_STRIP = NO;
				DEBUG_INFORMATION_FORMAT = "dwarf-with-dsym";
				ENABLE_NS_ASSERTIONS = NO;
				ENABLE_STRICT_OBJC_MSGSEND = YES;
				GCC_C_LANGUAGE_STANDARD = gnu11;
				GCC_NO_COMMON_BLOCKS = YES;
				GCC_WARN_64_TO_32_BIT_CONVERSION = YES;
				GCC_WARN_ABOUT_RETURN_TYPE = YES_ERROR;
				GCC_WARN_UNDECLARED_SELECTOR = YES;
				GCC_WARN_UNINITIALIZED_AUTOS = YES_AGGRESSIVE;
				GCC_WARN_UNUSED_FUNCTION = YES;
				GCC_WARN_UNUSED_VARIABLE = YES;
				IPHONEOS_DEPLOYMENT_TARGET = 15.0;
				MTL_ENABLE_DEBUG_INFO = NO;
				MTL_FAST_MATH = YES;
				SDKROOT = iphoneos;
				SWIFT_COMPILATION_MODE = wholemodule;
				SWIFT_OPTIMIZATION_LEVEL = "-O";
				VALIDATE_PRODUCT = YES;
			};
			name = Release;
		};
		11ECD5EA2726FB8B00D37A93 /* Debug */ = {
			isa = XCBuildConfiguration;
			buildSettings = {
				ASSETCATALOG_COMPILER_APPICON_NAME = AppIcon;
				ASSETCATALOG_COMPILER_GLOBAL_ACCENT_COLOR_NAME = AccentColor;
				CODE_SIGN_STYLE = Automatic;
				CURRENT_PROJECT_VERSION = 1;
				DEVELOPMENT_ASSET_PATHS = "\"Articles/Preview Content\"";
				DEVELOPMENT_TEAM = Y859Y28SJX;
				ENABLE_PREVIEWS = YES;
				GENERATE_INFOPLIST_FILE = YES;
				INFOPLIST_KEY_UIApplicationSceneManifest_Generation = YES;
				INFOPLIST_KEY_UIApplicationSupportsIndirectInputEvents = YES;
				INFOPLIST_KEY_UILaunchScreen_Generation = YES;
				INFOPLIST_KEY_UISupportedInterfaceOrientations = UIInterfaceOrientationPortrait;
				INFOPLIST_KEY_UISupportedInterfaceOrientations_iPad = "UIInterfaceOrientationPortrait UIInterfaceOrientationPortraitUpsideDown UIInterfaceOrientationLandscapeLeft UIInterfaceOrientationLandscapeRight";
				INFOPLIST_KEY_UISupportedInterfaceOrientations_iPhone = "UIInterfaceOrientationPortrait UIInterfaceOrientationLandscapeLeft UIInterfaceOrientationLandscapeRight";
				IPHONEOS_DEPLOYMENT_TARGET = 15.0;
				LD_RUNPATH_SEARCH_PATHS = (
					"$(inherited)",
					"@executable_path/Frameworks",
				);
				MARKETING_VERSION = 1.0;
				PRODUCT_BUNDLE_IDENTIFIER = tako.Articles;
				PRODUCT_NAME = "$(TARGET_NAME)";
				SWIFT_EMIT_LOC_STRINGS = YES;
				SWIFT_VERSION = 5.0;
				TARGETED_DEVICE_FAMILY = 1;
			};
			name = Debug;
		};
		11ECD5EB2726FB8B00D37A93 /* Release */ = {
			isa = XCBuildConfiguration;
			buildSettings = {
				ASSETCATALOG_COMPILER_APPICON_NAME = AppIcon;
				ASSETCATALOG_COMPILER_GLOBAL_ACCENT_COLOR_NAME = AccentColor;
				CODE_SIGN_STYLE = Automatic;
				CURRENT_PROJECT_VERSION = 1;
				DEVELOPMENT_ASSET_PATHS = "\"Articles/Preview Content\"";
				DEVELOPMENT_TEAM = Y859Y28SJX;
				ENABLE_PREVIEWS = YES;
				GENERATE_INFOPLIST_FILE = YES;
				INFOPLIST_KEY_UIApplicationSceneManifest_Generation = YES;
				INFOPLIST_KEY_UIApplicationSupportsIndirectInputEvents = YES;
				INFOPLIST_KEY_UILaunchScreen_Generation = YES;
				INFOPLIST_KEY_UISupportedInterfaceOrientations = UIInterfaceOrientationPortrait;
				INFOPLIST_KEY_UISupportedInterfaceOrientations_iPad = "UIInterfaceOrientationPortrait UIInterfaceOrientationPortraitUpsideDown UIInterfaceOrientationLandscapeLeft UIInterfaceOrientationLandscapeRight";
				INFOPLIST_KEY_UISupportedInterfaceOrientations_iPhone = "UIInterfaceOrientationPortrait UIInterfaceOrientationLandscapeLeft UIInterfaceOrientationLandscapeRight";
				IPHONEOS_DEPLOYMENT_TARGET = 15.0;
				LD_RUNPATH_SEARCH_PATHS = (
					"$(inherited)",
					"@executable_path/Frameworks",
				);
				MARKETING_VERSION = 1.0;
				PRODUCT_BUNDLE_IDENTIFIER = tako.Articles;
				PRODUCT_NAME = "$(TARGET_NAME)";
				SWIFT_EMIT_LOC_STRINGS = YES;
				SWIFT_VERSION = 5.0;
				TARGETED_DEVICE_FAMILY = 1;
			};
			name = Release;
		};
		11ECD5ED2726FB8B00D37A93 /* Debug */ = {
			isa = XCBuildConfiguration;
			buildSettings = {
				ALWAYS_EMBED_SWIFT_STANDARD_LIBRARIES = YES;
				BUNDLE_LOADER = "$(TEST_HOST)";
				CODE_SIGN_STYLE = Automatic;
				CURRENT_PROJECT_VERSION = 1;
				DEVELOPMENT_TEAM = Y859Y28SJX;
				GENERATE_INFOPLIST_FILE = YES;
				IPHONEOS_DEPLOYMENT_TARGET = 15.0;
				LD_RUNPATH_SEARCH_PATHS = (
					"$(inherited)",
					"@executable_path/Frameworks",
					"@loader_path/Frameworks",
				);
				MARKETING_VERSION = 1.0;
				PRODUCT_BUNDLE_IDENTIFIER = tako.ArticlesTests;
				PRODUCT_NAME = "$(TARGET_NAME)";
				SWIFT_EMIT_LOC_STRINGS = NO;
				SWIFT_VERSION = 5.0;
				TARGETED_DEVICE_FAMILY = "1,2";
				TEST_HOST = "$(BUILT_PRODUCTS_DIR)/Articles.app/Articles";
			};
			name = Debug;
		};
		11ECD5EE2726FB8B00D37A93 /* Release */ = {
			isa = XCBuildConfiguration;
			buildSettings = {
				ALWAYS_EMBED_SWIFT_STANDARD_LIBRARIES = YES;
				BUNDLE_LOADER = "$(TEST_HOST)";
				CODE_SIGN_STYLE = Automatic;
				CURRENT_PROJECT_VERSION = 1;
				DEVELOPMENT_TEAM = Y859Y28SJX;
				GENERATE_INFOPLIST_FILE = YES;
				IPHONEOS_DEPLOYMENT_TARGET = 15.0;
				LD_RUNPATH_SEARCH_PATHS = (
					"$(inherited)",
					"@executable_path/Frameworks",
					"@loader_path/Frameworks",
				);
				MARKETING_VERSION = 1.0;
				PRODUCT_BUNDLE_IDENTIFIER = tako.ArticlesTests;
				PRODUCT_NAME = "$(TARGET_NAME)";
				SWIFT_EMIT_LOC_STRINGS = NO;
				SWIFT_VERSION = 5.0;
				TARGETED_DEVICE_FAMILY = "1,2";
				TEST_HOST = "$(BUILT_PRODUCTS_DIR)/Articles.app/Articles";
			};
			name = Release;
		};
/* End XCBuildConfiguration section */

/* Begin XCConfigurationList section */
		11ECD5C02726FB8800D37A93 /* Build configuration list for PBXProject "Articles" */ = {
			isa = XCConfigurationList;
			buildConfigurations = (
				11ECD5E72726FB8B00D37A93 /* Debug */,
				11ECD5E82726FB8B00D37A93 /* Release */,
			);
			defaultConfigurationIsVisible = 0;
			defaultConfigurationName = Release;
		};
		11ECD5E92726FB8B00D37A93 /* Build configuration list for PBXNativeTarget "Articles" */ = {
			isa = XCConfigurationList;
			buildConfigurations = (
				11ECD5EA2726FB8B00D37A93 /* Debug */,
				11ECD5EB2726FB8B00D37A93 /* Release */,
			);
			defaultConfigurationIsVisible = 0;
			defaultConfigurationName = Release;
		};
		11ECD5EC2726FB8B00D37A93 /* Build configuration list for PBXNativeTarget "ArticlesTests" */ = {
			isa = XCConfigurationList;
			buildConfigurations = (
				11ECD5ED2726FB8B00D37A93 /* Debug */,
				11ECD5EE2726FB8B00D37A93 /* Release */,
			);
			defaultConfigurationIsVisible = 0;
			defaultConfigurationName = Release;
		};
/* End XCConfigurationList section */
	};
	rootObject = 11ECD5BD2726FB8800D37A93 /* Project object */;
}
